PODS:
  - Capacitor (4.6.1):
    - CapacitorCordova
  - CapacitorApp (4.1.1):
    - Capacitor
  - CapacitorCamera (4.1.4):
    - Capacitor
  - CapacitorCordova (4.6.1)
  - CapacitorFilesystem (4.1.4):
    - Capacitor
  - CapacitorHaptics (4.1.0):
    - Capacitor
  - CapacitorKeyboard (4.1.0):
    - Capacitor
  - CapacitorStatusBar (4.1.1):
    - Capacitor

DEPENDENCIES:
  - "Capacitor (from `../../node_modules/@capacitor/ios`)"
  - "CapacitorApp (from `../../node_modules/@capacitor/app`)"
  - "CapacitorCamera (from `../../node_modules/@capacitor/camera`)"
  - "CapacitorCordova (from `../../node_modules/@capacitor/ios`)"
  - "CapacitorFilesystem (from `../../node_modules/@capacitor/filesystem`)"
  - "CapacitorHaptics (from `../../node_modules/@capacitor/haptics`)"
  - "CapacitorKeyboard (from `../../node_modules/@capacitor/keyboard`)"
  - "CapacitorStatusBar (from `../../node_modules/@capacitor/status-bar`)"

EXTERNAL SOURCES:
  Capacitor:
    :path: "../../node_modules/@capacitor/ios"
  CapacitorApp:
    :path: "../../node_modules/@capacitor/app"
  CapacitorCamera:
    :path: "../../node_modules/@capacitor/camera"
  CapacitorCordova:
    :path: "../../node_modules/@capacitor/ios"
  CapacitorFilesystem:
    :path: "../../node_modules/@capacitor/filesystem"
  CapacitorHaptics:
    :path: "../../node_modules/@capacitor/haptics"
  CapacitorKeyboard:
    :path: "../../node_modules/@capacitor/keyboard"
  CapacitorStatusBar:
    :path: "../../node_modules/@capacitor/status-bar"

SPEC CHECKSUMS:
  Capacitor: 6b8848492d0b4fec76f53c1504089228d00645bf
  CapacitorApp: acd42fe8561fe751ad5b5f459aa85e6acd7bee24
  CapacitorCamera: 8e1f9eac46c6a0b7df5619d20f021d852ccaa99a
  CapacitorCordova: 48a0f6863177473356a4aecb4ee69e2b865202e7
  CapacitorFilesystem: 3d665e5b3719d9f6e240480a7468861b0bb35f93
  CapacitorHaptics: 213b3a1f3efd6dbf6e6b76a1b2bb0399cf43b213
  CapacitorKeyboard: 3c14461fb337847524357151edbbe4229bda83c8
  CapacitorStatusBar: 65933e554bb5d65b361deaa936a93616086a2608

PODFILE CHECKSUM: 12cae0ca4bb4da45df55b059cdcedb410c605fd2

COCOAPODS: 1.11.3
